{
  "name": "iframe-resizer",
  "version": "4.3.2",
  "lockfileVersion": 2,
  "requires": true,
  "packages": {
    "": {
      "name": "iframe-resizer",
      "version": "4.3.2",
      "license": "MIT",
      "engines": {
        "node": ">=0.8.0"
      },
      "funding": {
        "type": "individual",
        "url": "https://github.com/davidjbradshaw/iframe-resizer/blob/master/FUNDING.md"
      }
    }
  }
}
